// !$*UTF8*$!
{
	archiveVersion = 1;
	classes = {
	};
	objectVersion = 52;
	objects = {

/* Begin PBXBuildFile section */
		3372C6D32664A785007351D0 /* UpdateController.swift in Sources */ = {isa = PBXBuildFile; fileRef = 3372C6D22664A785007351D0 /* UpdateController.swift */; };
		3372C6DB266502C4007351D0 /* CCNetwork.swift in Sources */ = {isa = PBXBuildFile; fileRef = 3372C6DA266502C4007351D0 /* CCNetwork.swift */; };
		338E70D5265FD69500987BA7 /* AppDelegate.swift in Sources */ = {isa = PBXBuildFile; fileRef = 338E70D4265FD69500987BA7 /* AppDelegate.swift */; };
		338E70D9265FD69500987BA7 /* NetowrkController.swift in Sources */ = {isa = PBXBuildFile; fileRef = 338E70D8265FD69500987BA7 /* NetowrkController.swift */; };
		338E70DE265FD69600987BA7 /* Assets.xcassets in Resources */ = {isa = PBXBuildFile; fileRef = 338E70DD265FD69600987BA7 /* Assets.xcassets */; };
		338E70E1265FD69600987BA7 /* LaunchScreen.storyboard in Resources */ = {isa = PBXBuildFile; fileRef = 338E70DF265FD69600987BA7 /* LaunchScreen.storyboard */; };
		33B649FE266A1C4200E04113 /* Airmey in Frameworks */ = {isa = PBXBuildFile; productRef = 33B649FD266A1C4200E04113 /* Airmey */; };
		33C2684A266B5B3A0086F2B9 /* TestJsonController.swift in Sources */ = {isa = PBXBuildFile; fileRef = 33C26849266B5B3A0086F2B9 /* TestJsonController.swift */; };
		33C2684C267897850086F2B9 /* SwiperController.swift in Sources */ = {isa = PBXBuildFile; fileRef = 33C2684B267897840086F2B9 /* SwiperController.swift */; };
		33C2684E267897AC0086F2B9 /* WidgetsController.swift in Sources */ = {isa = PBXBuildFile; fileRef = 33C2684D267897AC0086F2B9 /* WidgetsController.swift */; };
		33C268502678A4390086F2B9 /* CCSegmentControl.swift in Sources */ = {isa = PBXBuildFile; fileRef = 33C2684F2678A4390086F2B9 /* CCSegmentControl.swift */; };
		33C268522678A4A60086F2B9 /* CCBadgeLabel.swift in Sources */ = {isa = PBXBuildFile; fileRef = 33C268512678A4A60086F2B9 /* CCBadgeLabel.swift */; };
		33C268542679D1D90086F2B9 /* WebImageController.swift in Sources */ = {isa = PBXBuildFile; fileRef = 33C268532679D1D90086F2B9 /* WebImageController.swift */; };
		33E37D932662B11B00D953D0 /* RootViewController.swift in Sources */ = {isa = PBXBuildFile; fileRef = 33E37D922662B11B00D953D0 /* RootViewController.swift */; };
		33E37D992662B14000D953D0 /* PopupController.swift in Sources */ = {isa = PBXBuildFile; fileRef = 33E37D982662B14000D953D0 /* PopupController.swift */; };
/* End PBXBuildFile section */

/* Begin PBXCopyFilesBuildPhase section */
		338E70FA265FDA6A00987BA7 /* Embed Frameworks */ = {
			isa = PBXCopyFilesBuildPhase;
			buildActionMask = 2147483647;
			dstPath = "";
			dstSubfolderSpec = 10;
			files = (
			);
			name = "Embed Frameworks";
			runOnlyForDeploymentPostprocessing = 0;
		};
/* End PBXCopyFilesBuildPhase section */

/* Begin PBXFileReference section */
		3372C6D22664A785007351D0 /* UpdateController.swift */ = {isa = PBXFileReference; lastKnownFileType = sourcecode.swift; path = UpdateController.swift; sourceTree = "<group>"; };
		3372C6DA266502C4007351D0 /* CCNetwork.swift */ = {isa = PBXFileReference; lastKnownFileType = sourcecode.swift; path = CCNetwork.swift; sourceTree = "<group>"; };
		338E70D1265FD69500987BA7 /* Example.app */ = {isa = PBXFileReference; explicitFileType = wrapper.application; includeInIndex = 0; path = Example.app; sourceTree = BUILT_PRODUCTS_DIR; };
		338E70D4265FD69500987BA7 /* AppDelegate.swift */ = {isa = PBXFileReference; lastKnownFileType = sourcecode.swift; path = AppDelegate.swift; sourceTree = "<group>"; };
		338E70D8265FD69500987BA7 /* NetowrkController.swift */ = {isa = PBXFileReference; lastKnownFileType = sourcecode.swift; path = NetowrkController.swift; sourceTree = "<group>"; };
		338E70DD265FD69600987BA7 /* Assets.xcassets */ = {isa = PBXFileReference; lastKnownFileType = folder.assetcatalog; path = Assets.xcassets; sourceTree = "<group>"; };
		338E70E0265FD69600987BA7 /* Base */ = {isa = PBXFileReference; lastKnownFileType = file.storyboard; name = Base; path = Base.lproj/LaunchScreen.storyboard; sourceTree = "<group>"; };
		338E70E2265FD69600987BA7 /* Info.plist */ = {isa = PBXFileReference; lastKnownFileType = text.plist.xml; path = Info.plist; sourceTree = "<group>"; };
		33B649FC266A1BE500E04113 /* Airmey */ = {isa = PBXFileReference; lastKnownFileType = folder; name = Airmey; path = ..; sourceTree = "<group>"; };
		33C26849266B5B3A0086F2B9 /* TestJsonController.swift */ = {isa = PBXFileReference; lastKnownFileType = sourcecode.swift; path = TestJsonController.swift; sourceTree = "<group>"; };
		33C2684B267897840086F2B9 /* SwiperController.swift */ = {isa = PBXFileReference; lastKnownFileType = sourcecode.swift; path = SwiperController.swift; sourceTree = "<group>"; };
		33C2684D267897AC0086F2B9 /* WidgetsController.swift */ = {isa = PBXFileReference; lastKnownFileType = sourcecode.swift; path = WidgetsController.swift; sourceTree = "<group>"; };
		33C2684F2678A4390086F2B9 /* CCSegmentControl.swift */ = {isa = PBXFileReference; lastKnownFileType = sourcecode.swift; path = CCSegmentControl.swift; sourceTree = "<group>"; };
		33C268512678A4A60086F2B9 /* CCBadgeLabel.swift */ = {isa = PBXFileReference; lastKnownFileType = sourcecode.swift; path = CCBadgeLabel.swift; sourceTree = "<group>"; };
		33C268532679D1D90086F2B9 /* WebImageController.swift */ = {isa = PBXFileReference; lastKnownFileType = sourcecode.swift; path = WebImageController.swift; sourceTree = "<group>"; };
		33E37D922662B11B00D953D0 /* RootViewController.swift */ = {isa = PBXFileReference; lastKnownFileType = sourcecode.swift; path = RootViewController.swift; sourceTree = "<group>"; };
		33E37D982662B14000D953D0 /* PopupController.swift */ = {isa = PBXFileReference; lastKnownFileType = sourcecode.swift; path = PopupController.swift; sourceTree = "<group>"; };
/* End PBXFileReference section */

/* Begin PBXFrameworksBuildPhase section */
		338E70CE265FD69500987BA7 /* Frameworks */ = {
			isa = PBXFrameworksBuildPhase;
			buildActionMask = 2147483647;
			files = (
				33B649FE266A1C4200E04113 /* Airmey in Frameworks */,
			);
			runOnlyForDeploymentPostprocessing = 0;
		};
/* End PBXFrameworksBuildPhase section */

/* Begin PBXGroup section */
		338E70C8265FD69500987BA7 = {
			isa = PBXGroup;
			children = (
				33B649FC266A1BE500E04113 /* Airmey */,
				338E70D3265FD69500987BA7 /* Example */,
				338E70D2265FD69500987BA7 /* Products */,
				338E70F7265FDA6A00987BA7 /* Frameworks */,
			);
			sourceTree = "<group>";
		};
		338E70D2265FD69500987BA7 /* Products */ = {
			isa = PBXGroup;
			children = (
				338E70D1265FD69500987BA7 /* Example.app */,
			);
			name = Products;
			sourceTree = "<group>";
		};
		338E70D3265FD69500987BA7 /* Example */ = {
			isa = PBXGroup;
			children = (
				338E70D4265FD69500987BA7 /* AppDelegate.swift */,
				33E37D922662B11B00D953D0 /* RootViewController.swift */,
				33E37D982662B14000D953D0 /* PopupController.swift */,
				3372C6D22664A785007351D0 /* UpdateController.swift */,
				338E70D8265FD69500987BA7 /* NetowrkController.swift */,
				33C26849266B5B3A0086F2B9 /* TestJsonController.swift */,
				33C2684B267897840086F2B9 /* SwiperController.swift */,
				33C2684D267897AC0086F2B9 /* WidgetsController.swift */,
				3372C6DA266502C4007351D0 /* CCNetwork.swift */,
				33C2684F2678A4390086F2B9 /* CCSegmentControl.swift */,
				33C268512678A4A60086F2B9 /* CCBadgeLabel.swift */,
				33C268532679D1D90086F2B9 /* WebImageController.swift */,
				338E70DD265FD69600987BA7 /* Assets.xcassets */,
				338E70DF265FD69600987BA7 /* LaunchScreen.storyboard */,
				338E70E2265FD69600987BA7 /* Info.plist */,
			);
			path = Example;
			sourceTree = "<group>";
		};
		338E70F7265FDA6A00987BA7 /* Frameworks */ = {
			isa = PBXGroup;
			children = (
			);
			name = Frameworks;
			sourceTree = "<group>";
		};
/* End PBXGroup section */

/* Begin PBXNativeTarget section */
		338E70D0265FD69500987BA7 /* Example */ = {
			isa = PBXNativeTarget;
			buildConfigurationList = 338E70E5265FD69600987BA7 /* Build configuration list for PBXNativeTarget "Example" */;
			buildPhases = (
				338E70CD265FD69500987BA7 /* Sources */,
				338E70CE265FD69500987BA7 /* Frameworks */,
				338E70CF265FD69500987BA7 /* Resources */,
				338E70FA265FDA6A00987BA7 /* Embed Frameworks */,
			);
			buildRules = (
			);
			dependencies = (
			);
			name = Example;
			packageProductDependencies = (
				33B649FD266A1C4200E04113 /* Airmey */,
			);
			productName = Example;
			productReference = 338E70D1265FD69500987BA7 /* Example.app */;
			productType = "com.apple.product-type.application";
		};
/* End PBXNativeTarget section */

/* Begin PBXProject section */
		338E70C9265FD69500987BA7 /* Project object */ = {
			isa = PBXProject;
			attributes = {
				LastSwiftUpdateCheck = 1250;
				LastUpgradeCheck = 1250;
				TargetAttributes = {
					338E70D0265FD69500987BA7 = {
						CreatedOnToolsVersion = 12.5;
					};
				};
			};
			buildConfigurationList = 338E70CC265FD69500987BA7 /* Build configuration list for PBXProject "Example" */;
			compatibilityVersion = "Xcode 9.3";
			developmentRegion = en;
			hasScannedForEncodings = 0;
			knownRegions = (
				en,
				Base,
			);
			mainGroup = 338E70C8265FD69500987BA7;
			productRefGroup = 338E70D2265FD69500987BA7 /* Products */;
			projectDirPath = "";
			projectRoot = "";
			targets = (
				338E70D0265FD69500987BA7 /* Example */,
			);
		};
/* End PBXProject section */

/* Begin PBXResourcesBuildPhase section */
		338E70CF265FD69500987BA7 /* Resources */ = {
			isa = PBXResourcesBuildPhase;
			buildActionMask = 2147483647;
			files = (
				338E70E1265FD69600987BA7 /* LaunchScreen.storyboard in Resources */,
				338E70DE265FD69600987BA7 /* Assets.xcassets in Resources */,
			);
			runOnlyForDeploymentPostprocessing = 0;
		};
/* End PBXResourcesBuildPhase section */

/* Begin PBXSourcesBuildPhase section */
		338E70CD265FD69500987BA7 /* Sources */ = {
			isa = PBXSourcesBuildPhase;
			buildActionMask = 2147483647;
			files = (
				33E37D992662B14000D953D0 /* PopupController.swift in Sources */,
				33C2684A266B5B3A0086F2B9 /* TestJsonController.swift in Sources */,
				3372C6D32664A785007351D0 /* UpdateController.swift in Sources */,
				3372C6DB266502C4007351D0 /* CCNetwork.swift in Sources */,
				33C2684E267897AC0086F2B9 /* WidgetsController.swift in Sources */,
				338E70D9265FD69500987BA7 /* NetowrkController.swift in Sources */,
				338E70D5265FD69500987BA7 /* AppDelegate.swift in Sources */,
				33E37D932662B11B00D953D0 /* RootViewController.swift in Sources */,
				33C268542679D1D90086F2B9 /* WebImageController.swift in Sources */,
				33C2684C267897850086F2B9 /* SwiperController.swift in Sources */,
				33C268522678A4A60086F2B9 /* CCBadgeLabel.swift in Sources */,
				33C268502678A4390086F2B9 /* CCSegmentControl.swift in Sources */,
			);
			runOnlyForDeploymentPostprocessing = 0;
		};
/* End PBXSourcesBuildPhase section */

/* Begin PBXVariantGroup section */
		338E70DF265FD69600987BA7 /* LaunchScreen.storyboard */ = {
			isa = PBXVariantGroup;
			children = (
				338E70E0265FD69600987BA7 /* Base */,
			);
			name = LaunchScreen.storyboard;
			sourceTree = "<group>";
		};
/* End PBXVariantGroup section */

/* Begin XCBuildConfiguration section */
		338E70E3265FD69600987BA7 /* Debug */ = {
			isa = XCBuildConfiguration;
			buildSettings = {
				ALWAYS_SEARCH_USER_PATHS = NO;
				CLANG_ANALYZER_NONNULL = YES;
				CLANG_ANALYZER_NUMBER_OBJECT_CONVERSION = YES_AGGRESSIVE;
				CLANG_CXX_LANGUAGE_STANDARD = "gnu++14";
				CLANG_CXX_LIBRARY = "libc++";
				CLANG_ENABLE_MODULES = YES;
				CLANG_ENABLE_OBJC_ARC = YES;
				CLANG_ENABLE_OBJC_WEAK = YES;
				CLANG_WARN_BLOCK_CAPTURE_AUTORELEASING = YES;
				CLANG_WARN_BOOL_CONVERSION = YES;
				CLANG_WARN_COMMA = YES;
				CLANG_WARN_CONSTANT_CONVERSION = YES;
				CLANG_WARN_DEPRECATED_OBJC_IMPLEMENTATIONS = YES;
				CLANG_WARN_DIRECT_OBJC_ISA_USAGE = YES_ERROR;
				CLANG_WARN_DOCUMENTATION_COMMENTS = YES;
				CLANG_WARN_EMPTY_BODY = YES;
				CLANG_WARN_ENUM_CONVERSION = YES;
				CLANG_WARN_INFINITE_RECURSION = YES;
				CLANG_WARN_INT_CONVERSION = YES;
				CLANG_WARN_NON_LITERAL_NULL_CONVERSION = YES;
				CLANG_WARN_OBJC_IMPLICIT_RETAIN_SELF = YES;
				CLANG_WARN_OBJC_LITERAL_CONVERSION = YES;
				CLANG_WARN_OBJC_ROOT_CLASS = YES_ERROR;
				CLANG_WARN_QUOTED_INCLUDE_IN_FRAMEWORK_HEADER = YES;
				CLANG_WARN_RANGE_LOOP_ANALYSIS = YES;
				CLANG_WARN_STRICT_PROTOTYPES = YES;
				CLANG_WARN_SUSPICIOUS_MOVE = YES;
				CLANG_WARN_UNGUARDED_AVAILABILITY = YES_AGGRESSIVE;
				CLANG_WARN_UNREACHABLE_CODE = YES;
				CLANG_WARN__DUPLICATE_METHOD_MATCH = YES;
				COPY_PHASE_STRIP = NO;
				DEBUG_INFORMATION_FORMAT = dwarf;
				ENABLE_STRICT_OBJC_MSGSEND = YES;
				ENABLE_TESTABILITY = YES;
				GCC_C_LANGUAGE_STANDARD = gnu11;
				GCC_DYNAMIC_NO_PIC = NO;
				GCC_NO_COMMON_BLOCKS = YES;
				GCC_OPTIMIZATION_LEVEL = 0;
				GCC_PREPROCESSOR_DEFINITIONS = (
					"DEBUG=1",
					"$(inherited)",
				);
				GCC_WARN_64_TO_32_BIT_CONVERSION = YES;
				GCC_WARN_ABOUT_RETURN_TYPE = YES_ERROR;
				GCC_WARN_UNDECLARED_SELECTOR = YES;
				GCC_WARN_UNINITIALIZED_AUTOS = YES_AGGRESSIVE;
				GCC_WARN_UNUSED_FUNCTION = YES;
				GCC_WARN_UNUSED_VARIABLE = YES;
				IPHONEOS_DEPLOYMENT_TARGET = 14.5;
				MTL_ENABLE_DEBUG_INFO = INCLUDE_SOURCE;
				MTL_FAST_MATH = YES;
				ONLY_ACTIVE_ARCH = YES;
				SDKROOT = iphoneos;
				SWIFT_ACTIVE_COMPILATION_CONDITIONS = DEBUG;
				SWIFT_OPTIMIZATION_LEVEL = "-Onone";
			};
			name = Debug;
		};
		338E70E4265FD69600987BA7 /* Release */ = {
			isa = XCBuildConfiguration;
			buildSettings = {
				ALWAYS_SEARCH_USER_PATHS = NO;
				CLANG_ANALYZER_NONNULL = YES;
				CLANG_ANALYZER_NUMBER_OBJECT_CONVERSION = YES_AGGRESSIVE;
				CLANG_CXX_LANGUAGE_STANDARD = "gnu++14";
				CLANG_CXX_LIBRARY = "libc++";
				CLANG_ENABLE_MODULES = YES;
				CLANG_ENABLE_OBJC_ARC = YES;
				CLANG_ENABLE_OBJC_WEAK = YES;
				CLANG_WARN_BLOCK_CAPTURE_AUTORELEASING = YES;
				CLANG_WARN_BOOL_CONVERSION = YES;
				CLANG_WARN_COMMA = YES;
				CLANG_WARN_CONSTANT_CONVERSION = YES;
				CLANG_WARN_DEPRECATED_OBJC_IMPLEMENTATIONS = YES;
				CLANG_WARN_DIRECT_OBJC_ISA_USAGE = YES_ERROR;
				CLANG_WARN_DOCUMENTATION_COMMENTS = YES;
				CLANG_WARN_EMPTY_BODY = YES;
				CLANG_WARN_ENUM_CONVERSION = YES;
				CLANG_WARN_INFINITE_RECURSION = YES;
				CLANG_WARN_INT_CONVERSION = YES;
				CLANG_WARN_NON_LITERAL_NULL_CONVERSION = YES;
				CLANG_WARN_OBJC_IMPLICIT_RETAIN_SELF = YES;
				CLANG_WARN_OBJC_LITERAL_CONVERSION = YES;
				CLANG_WARN_OBJC_ROOT_CLASS = YES_ERROR;
				CLANG_WARN_QUOTED_INCLUDE_IN_FRAMEWORK_HEADER = YES;
				CLANG_WARN_RANGE_LOOP_ANALYSIS = YES;
				CLANG_WARN_STRICT_PROTOTYPES = YES;
				CLANG_WARN_SUSPICIOUS_MOVE = YES;
				CLANG_WARN_UNGUARDED_AVAILABILITY = YES_AGGRESSIVE;
				CLANG_WARN_UNREACHABLE_CODE = YES;
				CLANG_WARN__DUPLICATE_METHOD_MATCH = YES;
				COPY_PHASE_STRIP = NO;
				DEBUG_INFORMATION_FORMAT = "dwarf-with-dsym";
				ENABLE_NS_ASSERTIONS = NO;
				ENABLE_STRICT_OBJC_MSGSEND = YES;
				GCC_C_LANGUAGE_STANDARD = gnu11;
				GCC_NO_COMMON_BLOCKS = YES;
				GCC_WARN_64_TO_32_BIT_CONVERSION = YES;
				GCC_WARN_ABOUT_RETURN_TYPE = YES_ERROR;
				GCC_WARN_UNDECLARED_SELECTOR = YES;
				GCC_WARN_UNINITIALIZED_AUTOS = YES_AGGRESSIVE;
				GCC_WARN_UNUSED_FUNCTION = YES;
				GCC_WARN_UNUSED_VARIABLE = YES;
				IPHONEOS_DEPLOYMENT_TARGET = 14.5;
				MTL_ENABLE_DEBUG_INFO = NO;
				MTL_FAST_MATH = YES;
				SDKROOT = iphoneos;
				SWIFT_COMPILATION_MODE = wholemodule;
				SWIFT_OPTIMIZATION_LEVEL = "-O";
				VALIDATE_PRODUCT = YES;
			};
			name = Release;
		};
		338E70E6265FD69600987BA7 /* Debug */ = {
			isa = XCBuildConfiguration;
			buildSettings = {
				ASSETCATALOG_COMPILER_APPICON_NAME = AppIcon;
				ASSETCATALOG_COMPILER_GLOBAL_ACCENT_COLOR_NAME = AccentColor;
				CODE_SIGN_STYLE = Automatic;
				DEVELOPMENT_TEAM = YNP838A98V;
				INFOPLIST_FILE = Example/Info.plist;
				IPHONEOS_DEPLOYMENT_TARGET = 12.1;
				LD_RUNPATH_SEARCH_PATHS = (
					"$(inherited)",
					"@executable_path/Frameworks",
				);
				PRODUCT_BUNDLE_IDENTIFIER = com.sanhexingyuan.Example;
				PRODUCT_NAME = "$(TARGET_NAME)";
				SWIFT_VERSION = 5.0;
				TARGETED_DEVICE_FAMILY = 1;
			};
			name = Debug;
		};
		338E70E7265FD69600987BA7 /* Release */ = {
			isa = XCBuildConfiguration;
			buildSettings = {
				ASSETCATALOG_COMPILER_APPICON_NAME = AppIcon;
				ASSETCATALOG_COMPILER_GLOBAL_ACCENT_COLOR_NAME = AccentColor;
				CODE_SIGN_STYLE = Automatic;
				DEVELOPMENT_TEAM = YNP838A98V;
				INFOPLIST_FILE = Example/Info.plist;
				IPHONEOS_DEPLOYMENT_TARGET = 12.1;
				LD_RUNPATH_SEARCH_PATHS = (
					"$(inherited)",
					"@executable_path/Frameworks",
				);
				PRODUCT_BUNDLE_IDENTIFIER = com.sanhexingyuan.Example;
				PRODUCT_NAME = "$(TARGET_NAME)";
				SWIFT_VERSION = 5.0;
				TARGETED_DEVICE_FAMILY = 1;
			};
			name = Release;
		};
/* End XCBuildConfiguration section */

/* Begin XCConfigurationList section */
		338E70CC265FD69500987BA7 /* Build configuration list for PBXProject "Example" */ = {
			isa = XCConfigurationList;
			buildConfigurations = (
				338E70E3265FD69600987BA7 /* Debug */,
				338E70E4265FD69600987BA7 /* Release */,
			);
			defaultConfigurationIsVisible = 0;
			defaultConfigurationName = Release;
		};
		338E70E5265FD69600987BA7 /* Build configuration list for PBXNativeTarget "Example" */ = {
			isa = XCConfigurationList;
			buildConfigurations = (
				338E70E6265FD69600987BA7 /* Debug */,
				338E70E7265FD69600987BA7 /* Release */,
			);
			defaultConfigurationIsVisible = 0;
			defaultConfigurationName = Release;
		};
/* End XCConfigurationList section */

/* Begin XCSwiftPackageProductDependency section */
		33B649FD266A1C4200E04113 /* Airmey */ = {
			isa = XCSwiftPackageProductDependency;
			productName = Airmey;
		};
/* End XCSwiftPackageProductDependency section */
	};
	rootObject = 338E70C9265FD69500987BA7 /* Project object */;
}
